
Microsoft Visual Studio Solution File, Format Version 12.00
# Visual Studio Version 17
VisualStudioVersion = 17.8.34330.188
MinimumVisualStudioVersion = 10.0.40219.1
Project("{FAE04EC0-301F-11D3-BF4B-00C04F79EFBC}") = "3POO_LICORERIA", "3POO_LICORERIA\3POO_LICORERIA.csproj", "{B12122FD-23DD-4BC6-BA46-D4D57FA62D1B}"
EndProject
Global
	GlobalSection(SolutionConfigurationPlatforms) = preSolution
		Debug|Any CPU = Debug|Any CPU
		Release|Any CPU = Release|Any CPU
	EndGlobalSection
	GlobalSection(ProjectConfigurationPlatforms) = postSolution
		{B12122FD-23DD-4BC6-BA46-D4D57FA62D1B}.Debug|Any CPU.ActiveCfg = Debug|Any CPU
		{B12122FD-23DD-4BC6-BA46-D4D57FA62D1B}.Debug|Any CPU.Build.0 = Debug|Any CPU
		{B12122FD-23DD-4BC6-BA46-D4D57FA62D1B}.Release|Any CPU.ActiveCfg = Release|Any CPU
		{B12122FD-23DD-4BC6-BA46-D4D57FA62D1B}.Release|Any CPU.Build.0 = Release|Any CPU
	EndGlobalSection
	GlobalSection(SolutionProperties) = preSolution
		HideSolutionNode = FALSE
	EndGlobalSection
	GlobalSection(ExtensibilityGlobals) = postSolution
		SolutionGuid = {ED9438F1-26D6-4BB2-BC63-74804D5F79D1}
	EndGlobalSection
EndGlobal
